
Microsoft Visual Studio Solution File, Format Version 12.00
# Visual Studio Version 17
VisualStudioVersion = 17.5.33530.505
MinimumVisualStudioVersion = 10.0.40219.1
Project("{FAE04EC0-301F-11D3-BF4B-00C04F79EFBC}") = "CrossPlatformAPIcall", "CrossPlatformAPIcall.csproj", "{CE6E65C2-8A7F-4391-8BD8-5B8F187BC271}"
EndProject
Global
	GlobalSection(SolutionConfigurationPlatforms) = preSolution
		Debug|Any CPU = Debug|Any CPU
		Release|Any CPU = Release|Any CPU
	EndGlobalSection
	GlobalSection(ProjectConfigurationPlatforms) = postSolution
		{CE6E65C2-8A7F-4391-8BD8-5B8F187BC271}.Debug|Any CPU.ActiveCfg = Debug|Any CPU
		{CE6E65C2-8A7F-4391-8BD8-5B8F187BC271}.Debug|Any CPU.Build.0 = Debug|Any CPU
		{CE6E65C2-8A7F-4391-8BD8-5B8F187BC271}.Release|Any CPU.ActiveCfg = Release|Any CPU
		{CE6E65C2-8A7F-4391-8BD8-5B8F187BC271}.Release|Any CPU.Build.0 = Release|Any CPU
	EndGlobalSection
	GlobalSection(SolutionProperties) = preSolution
		HideSolutionNode = FALSE
	EndGlobalSection
	GlobalSection(ExtensibilityGlobals) = postSolution
		SolutionGuid = {BE5AD0A1-167C-492B-A22A-D46C61348307}
	EndGlobalSection
EndGlobal
